schema: '2.0'
stages:
  preprocess:
    cmd: python src/preprocess.py
    deps:
    - path: data/raw
      hash: md5
      md5: 4b8e3f8e07a8230ef69115387a760230.dir
      size: 701905178
      nfiles: 55120
    - path: src/preprocess.py
      hash: md5
      md5: 4a52e33f66f07d67828d65e51016f9f1
      size: 1507
    params:
      params.yaml:
        preprocess.img_size: 64
        preprocess.random_seed: 42
        preprocess.test_split: 0.2
    outs:
    - path: data/processed
      hash: md5
      md5: bc3e72e693550292ebd8d87a70882f01.dir
      size: 130583353
      nfiles: 27558
  train:
    cmd: python src/train.py
    deps:
    - path: data/processed
      hash: md5
      md5: bc3e72e693550292ebd8d87a70882f01.dir
      size: 130583353
      nfiles: 27558
    - path: src/train.py
      hash: md5
      md5: 8ef40a88d89e9bf3314fd5e19503b54d
      size: 4801
    params:
      params.yaml:
        train.batch_size: 32
        train.epochs: 10
        train.learning_rate: 0.001
        train.momentum: 0.9
        train.weight_decay: 0.0001
    outs:
    - path: metrics.json
      hash: md5
      md5: 7319b850979ba1933924cba406624865
      size: 1106
    - path: models
      hash: md5
      md5: 2533df0a719ef5fb35bb9a25046239b6.dir
      size: 44780939
      nfiles: 1
